
Microsoft Visual Studio Solution File, Format Version 12.00
# Visual Studio Version 16
VisualStudioVersion = 16.0.32901.82
MinimumVisualStudioVersion = 10.0.40219.1
Project("{FAE04EC0-301F-11D3-BF4B-00C04F79EFBC}") = "ZEHotel", "ZEHotel\ZEHotel.csproj", "{3E145596-AF1A-415C-AA5B-B1092BC24961}"
EndProject
Global
	GlobalSection(SolutionConfigurationPlatforms) = preSolution
		Debug|Any CPU = Debug|Any CPU
		Release|Any CPU = Release|Any CPU
	EndGlobalSection
	GlobalSection(ProjectConfigurationPlatforms) = postSolution
		{3E145596-AF1A-415C-AA5B-B1092BC24961}.Debug|Any CPU.ActiveCfg = Debug|Any CPU
		{3E145596-AF1A-415C-AA5B-B1092BC24961}.Debug|Any CPU.Build.0 = Debug|Any CPU
		{3E145596-AF1A-415C-AA5B-B1092BC24961}.Release|Any CPU.ActiveCfg = Release|Any CPU
		{3E145596-AF1A-415C-AA5B-B1092BC24961}.Release|Any CPU.Build.0 = Release|Any CPU
	EndGlobalSection
	GlobalSection(SolutionProperties) = preSolution
		HideSolutionNode = FALSE
	EndGlobalSection
	GlobalSection(ExtensibilityGlobals) = postSolution
		SolutionGuid = {1C3B9DA5-AEC2-4A81-9EFE-7974D3FF6CC1}
	EndGlobalSection
EndGlobal
